// !$*UTF8*$!
{
	archiveVersion = 1;
	classes = {
	};
	objectVersion = 46;
	objects = {

/* Begin PBXBuildFile section */
		1864C8EA1E9A86E900F1E94F /* AppDelegate.swift in Sources */ = {isa = PBXBuildFile; fileRef = 1864C8E91E9A86E900F1E94F /* AppDelegate.swift */; };
		1864C8EC1E9A86E900F1E94F /* ViewController.swift in Sources */ = {isa = PBXBuildFile; fileRef = 1864C8EB1E9A86E900F1E94F /* ViewController.swift */; };
		1864C8EF1E9A86E900F1E94F /* Main.storyboard in Resources */ = {isa = PBXBuildFile; fileRef = 1864C8ED1E9A86E900F1E94F /* Main.storyboard */; };
		1864C8F11E9A86E900F1E94F /* Assets.xcassets in Resources */ = {isa = PBXBuildFile; fileRef = 1864C8F01E9A86E900F1E94F /* Assets.xcassets */; };
		1864C8F41E9A86E900F1E94F /* LaunchScreen.storyboard in Resources */ = {isa = PBXBuildFile; fileRef = 1864C8F21E9A86E900F1E94F /* LaunchScreen.storyboard */; };
/* End PBXBuildFile section */

/* Begin PBXFileReference section */
		1864C8E61E9A86E900F1E94F /* HBPraiseAnimation.app */ = {isa = PBXFileReference; explicitFileType = wrapper.application; includeInIndex = 0; path = HBPraiseAnimation.app; sourceTree = BUILT_PRODUCTS_DIR; };
		1864C8E91E9A86E900F1E94F /* AppDelegate.swift */ = {isa = PBXFileReference; lastKnownFileType = sourcecode.swift; path = AppDelegate.swift; sourceTree = "<group>"; };
		1864C8EB1E9A86E900F1E94F /* ViewController.swift */ = {isa = PBXFileReference; lastKnownFileType = sourcecode.swift; path = ViewController.swift; sourceTree = "<group>"; };
		1864C8EE1E9A86E900F1E94F /* Base */ = {isa = PBXFileReference; lastKnownFileType = file.storyboard; name = Base; path = Base.lproj/Main.storyboard; sourceTree = "<group>"; };
		1864C8F01E9A86E900F1E94F /* Assets.xcassets */ = {isa = PBXFileReference; lastKnownFileType = folder.assetcatalog; path = Assets.xcassets; sourceTree = "<group>"; };
		1864C8F31E9A86E900F1E94F /* Base */ = {isa = PBXFileReference; lastKnownFileType = file.storyboard; name = Base; path = Base.lproj/LaunchScreen.storyboard; sourceTree = "<group>"; };
		1864C8F51E9A86E900F1E94F /* Info.plist */ = {isa = PBXFileReference; lastKnownFileType = text.plist.xml; path = Info.plist; sourceTree = "<group>"; };
/* End PBXFileReference section */

/* Begin PBXFrameworksBuildPhase section */
		1864C8E31E9A86E900F1E94F /* Frameworks */ = {
			isa = PBXFrameworksBuildPhase;
			buildActionMask = 2147483647;
			files = (
			);
			runOnlyForDeploymentPostprocessing = 0;
		};
/* End PBXFrameworksBuildPhase section */

/* Begin PBXGroup section */
		1864C8DD1E9A86E900F1E94F = {
			isa = PBXGroup;
			children = (
				1864C8E81E9A86E900F1E94F /* HBPraiseAnimation */,
				1864C8E71E9A86E900F1E94F /* Products */,
			);
			sourceTree = "<group>";
		};
		1864C8E71E9A86E900F1E94F /* Products */ = {
			isa = PBXGroup;
			children = (
				1864C8E61E9A86E900F1E94F /* HBPraiseAnimation.app */,
			);
			name = Products;
			sourceTree = "<group>";
		};
		1864C8E81E9A86E900F1E94F /* HBPraiseAnimation */ = {
			isa = PBXGroup;
			children = (
				1864C8E91E9A86E900F1E94F /* AppDelegate.swift */,
				1864C8EB1E9A86E900F1E94F /* ViewController.swift */,
				1864C8ED1E9A86E900F1E94F /* Main.storyboard */,
				1864C8F01E9A86E900F1E94F /* Assets.xcassets */,
				1864C8F21E9A86E900F1E94F /* LaunchScreen.storyboard */,
				1864C8F51E9A86E900F1E94F /* Info.plist */,
			);
			path = HBPraiseAnimation;
			sourceTree = "<group>";
		};
/* End PBXGroup section */

/* Begin PBXNativeTarget section */
		1864C8E51E9A86E900F1E94F /* HBPraiseAnimation */ = {
			isa = PBXNativeTarget;
			buildConfigurationList = 1864C8F81E9A86E900F1E94F /* Build configuration list for PBXNativeTarget "HBPraiseAnimation" */;
			buildPhases = (
				1864C8E21E9A86E900F1E94F /* Sources */,
				1864C8E31E9A86E900F1E94F /* Frameworks */,
				1864C8E41E9A86E900F1E94F /* Resources */,
			);
			buildRules = (
			);
			dependencies = (
			);
			name = HBPraiseAnimation;
			productName = HBPraiseAnimation;
			productReference = 1864C8E61E9A86E900F1E94F /* HBPraiseAnimation.app */;
			productType = "com.apple.product-type.application";
		};
/* End PBXNativeTarget section */

/* Begin PBXProject section */
		1864C8DE1E9A86E900F1E94F /* Project object */ = {
			isa = PBXProject;
			attributes = {
				LastSwiftUpdateCheck = 0810;
				LastUpgradeCheck = 0810;
				ORGANIZATIONNAME = apple;
				TargetAttributes = {
					1864C8E51E9A86E900F1E94F = {
						CreatedOnToolsVersion = 8.1;
						ProvisioningStyle = Automatic;
					};
				};
			};
			buildConfigurationList = 1864C8E11E9A86E900F1E94F /* Build configuration list for PBXProject "HBPraiseAnimation" */;
			compatibilityVersion = "Xcode 3.2";
			developmentRegion = English;
			hasScannedForEncodings = 0;
			knownRegions = (
				en,
				Base,
			);
			mainGroup = 1864C8DD1E9A86E900F1E94F;
			productRefGroup = 1864C8E71E9A86E900F1E94F /* Products */;
			projectDirPath = "";
			projectRoot = "";
			targets = (
				1864C8E51E9A86E900F1E94F /* HBPraiseAnimation */,
			);
		};
/* End PBXProject section */

/* Begin PBXResourcesBuildPhase section */
		1864C8E41E9A86E900F1E94F /* Resources */ = {
			isa = PBXResourcesBuildPhase;
			buildActionMask = 2147483647;
			files = (
				1864C8F41E9A86E900F1E94F /* LaunchScreen.storyboard in Resources */,
				1864C8F11E9A86E900F1E94F /* Assets.xcassets in Resources */,
				1864C8EF1E9A86E900F1E94F /* Main.storyboard in Resources */,
			);
			runOnlyForDeploymentPostprocessing = 0;
		};
/* End PBXResourcesBuildPhase section */

/* Begin PBXSourcesBuildPhase section */
		1864C8E21E9A86E900F1E94F /* Sources */ = {
			isa = PBXSourcesBuildPhase;
			buildActionMask = 2147483647;
			files = (
				1864C8EC1E9A86E900F1E94F /* ViewController.swift in Sources */,
				1864C8EA1E9A86E900F1E94F /* AppDelegate.swift in Sources */,
			);
			runOnlyForDeploymentPostprocessing = 0;
		};
/* End PBXSourcesBuildPhase section */

/* Begin PBXVariantGroup section */
		1864C8ED1E9A86E900F1E94F /* Main.storyboard */ = {
			isa = PBXVariantGroup;
			children = (
				1864C8EE1E9A86E900F1E94F /* Base */,
			);
			name = Main.storyboard;
			sourceTree = "<group>";
		};
		1864C8F21E9A86E900F1E94F /* LaunchScreen.storyboard */ = {
			isa = PBXVariantGroup;
			children = (
				1864C8F31E9A86E900F1E94F /* Base */,
			);
			name = LaunchScreen.storyboard;
			sourceTree = "<group>";
		};
/* End PBXVariantGroup section */

/* Begin XCBuildConfiguration section */
		1864C8F61E9A86E900F1E94F /* Debug */ = {
			isa = XCBuildConfiguration;
			buildSettings = {
				ALWAYS_SEARCH_USER_PATHS = NO;
				CLANG_ANALYZER_NONNULL = YES;
				CLANG_CXX_LANGUAGE_STANDARD = "gnu++0x";
				CLANG_CXX_LIBRARY = "libc++";
				CLANG_ENABLE_MODULES = YES;
				CLANG_ENABLE_OBJC_ARC = YES;
				CLANG_WARN_BOOL_CONVERSION = YES;
				CLANG_WARN_CONSTANT_CONVERSION = YES;
				CLANG_WARN_DIRECT_OBJC_ISA_USAGE = YES_ERROR;
				CLANG_WARN_DOCUMENTATION_COMMENTS = YES;
				CLANG_WARN_EMPTY_BODY = YES;
				CLANG_WARN_ENUM_CONVERSION = YES;
				CLANG_WARN_INFINITE_RECURSION = YES;
				CLANG_WARN_INT_CONVERSION = YES;
				CLANG_WARN_OBJC_ROOT_CLASS = YES_ERROR;
				CLANG_WARN_SUSPICIOUS_MOVES = YES;
				CLANG_WARN_UNREACHABLE_CODE = YES;
				CLANG_WARN__DUPLICATE_METHOD_MATCH = YES;
				"CODE_SIGN_IDENTITY[sdk=iphoneos*]" = "iPhone Developer";
				COPY_PHASE_STRIP = NO;
				DEBUG_INFORMATION_FORMAT = dwarf;
				ENABLE_STRICT_OBJC_MSGSEND = YES;
				ENABLE_TESTABILITY = YES;
				GCC_C_LANGUAGE_STANDARD = gnu99;
				GCC_DYNAMIC_NO_PIC = NO;
				GCC_NO_COMMON_BLOCKS = YES;
				GCC_OPTIMIZATION_LEVEL = 0;
				GCC_PREPROCESSOR_DEFINITIONS = (
					"DEBUG=1",
					"$(inherited)",
				);
				GCC_WARN_64_TO_32_BIT_CONVERSION = YES;
				GCC_WARN_ABOUT_RETURN_TYPE = YES_ERROR;
				GCC_WARN_UNDECLARED_SELECTOR = YES;
				GCC_WARN_UNINITIALIZED_AUTOS = YES_AGGRESSIVE;
				GCC_WARN_UNUSED_FUNCTION = YES;
				GCC_WARN_UNUSED_VARIABLE = YES;
				IPHONEOS_DEPLOYMENT_TARGET = 10.1;
				MTL_ENABLE_DEBUG_INFO = YES;
				ONLY_ACTIVE_ARCH = YES;
				SDKROOT = iphoneos;
				SWIFT_ACTIVE_COMPILATION_CONDITIONS = DEBUG;
				SWIFT_OPTIMIZATION_LEVEL = "-Onone";
				TARGETED_DEVICE_FAMILY = "1,2";
			};
			name = Debug;
		};
		1864C8F71E9A86E900F1E94F /* Release */ = {
			isa = XCBuildConfiguration;
			buildSettings = {
				ALWAYS_SEARCH_USER_PATHS = NO;
				CLANG_ANALYZER_NONNULL = YES;
				CLANG_CXX_LANGUAGE_STANDARD = "gnu++0x";
				CLANG_CXX_LIBRARY = "libc++";
				CLANG_ENABLE_MODULES = YES;
				CLANG_ENABLE_OBJC_ARC = YES;
				CLANG_WARN_BOOL_CONVERSION = YES;
				CLANG_WARN_CONSTANT_CONVERSION = YES;
				CLANG_WARN_DIRECT_OBJC_ISA_USAGE = YES_ERROR;
				CLANG_WARN_DOCUMENTATION_COMMENTS = YES;
				CLANG_WARN_EMPTY_BODY = YES;
				CLANG_WARN_ENUM_CONVERSION = YES;
				CLANG_WARN_INFINITE_RECURSION = YES;
				CLANG_WARN_INT_CONVERSION = YES;
				CLANG_WARN_OBJC_ROOT_CLASS = YES_ERROR;
				CLANG_WARN_SUSPICIOUS_MOVES = YES;
				CLANG_WARN_UNREACHABLE_CODE = YES;
				CLANG_WARN__DUPLICATE_METHOD_MATCH = YES;
				"CODE_SIGN_IDENTITY[sdk=iphoneos*]" = "iPhone Developer";
				COPY_PHASE_STRIP = NO;
				DEBUG_INFORMATION_FORMAT = "dwarf-with-dsym";
				ENABLE_NS_ASSERTIONS = NO;
				ENABLE_STRICT_OBJC_MSGSEND = YES;
				GCC_C_LANGUAGE_STANDARD = gnu99;
				GCC_NO_COMMON_BLOCKS = YES;
				GCC_WARN_64_TO_32_BIT_CONVERSION = YES;
				GCC_WARN_ABOUT_RETURN_TYPE = YES_ERROR;
				GCC_WARN_UNDECLARED_SELECTOR = YES;
				GCC_WARN_UNINITIALIZED_AUTOS = YES_AGGRESSIVE;
				GCC_WARN_UNUSED_FUNCTION = YES;
				GCC_WARN_UNUSED_VARIABLE = YES;
				IPHONEOS_DEPLOYMENT_TARGET = 10.1;
				MTL_ENABLE_DEBUG_INFO = NO;
				SDKROOT = iphoneos;
				SWIFT_OPTIMIZATION_LEVEL = "-Owholemodule";
				TARGETED_DEVICE_FAMILY = "1,2";
				VALIDATE_PRODUCT = YES;
			};
			name = Release;
		};
		1864C8F91E9A86E900F1E94F /* Debug */ = {
			isa = XCBuildConfiguration;
			buildSettings = {
				ASSETCATALOG_COMPILER_APPICON_NAME = AppIcon;
				INFOPLIST_FILE = HBPraiseAnimation/Info.plist;
				LD_RUNPATH_SEARCH_PATHS = "$(inherited) @executable_path/Frameworks";
				PRODUCT_BUNDLE_IDENTIFIER = cn.itcast.HBPraiseAnimation;
				PRODUCT_NAME = "$(TARGET_NAME)";
				SWIFT_VERSION = 3.0;
			};
			name = Debug;
		};
		1864C8FA1E9A86E900F1E94F /* Release */ = {
			isa = XCBuildConfiguration;
			buildSettings = {
				ASSETCATALOG_COMPILER_APPICON_NAME = AppIcon;
				INFOPLIST_FILE = HBPraiseAnimation/Info.plist;
				LD_RUNPATH_SEARCH_PATHS = "$(inherited) @executable_path/Frameworks";
				PRODUCT_BUNDLE_IDENTIFIER = cn.itcast.HBPraiseAnimation;
				PRODUCT_NAME = "$(TARGET_NAME)";
				SWIFT_VERSION = 3.0;
			};
			name = Release;
		};
/* End XCBuildConfiguration section */

/* Begin XCConfigurationList section */
		1864C8E11E9A86E900F1E94F /* Build configuration list for PBXProject "HBPraiseAnimation" */ = {
			isa = XCConfigurationList;
			buildConfigurations = (
				1864C8F61E9A86E900F1E94F /* Debug */,
				1864C8F71E9A86E900F1E94F /* Release */,
			);
			defaultConfigurationIsVisible = 0;
			defaultConfigurationName = Release;
		};
		1864C8F81E9A86E900F1E94F /* Build configuration list for PBXNativeTarget "HBPraiseAnimation" */ = {
			isa = XCConfigurationList;
			buildConfigurations = (
				1864C8F91E9A86E900F1E94F /* Debug */,
				1864C8FA1E9A86E900F1E94F /* Release */,
			);
			defaultConfigurationIsVisible = 0;
		};
/* End XCConfigurationList section */
	};
	rootObject = 1864C8DE1E9A86E900F1E94F /* Project object */;
}
